{
  "name": "new",
  "lockfileVersion": 3,
  "requires": true,
  "packages": {
    "": {
      "dependencies": {
        "rate-limiter-flexible": "^8.1.0"
      }
    },
    "node_modules/rate-limiter-flexible": {
      "version": "8.1.0",
      "resolved": "https://registry.npmjs.org/rate-limiter-flexible/-/rate-limiter-flexible-8.1.0.tgz",
      "integrity": "sha512-J+4xBdVboibP1h0Imn4nFoCLT+UM9Os9vJaWaRWkLsQxS7jrhLJeLlmzP5hyCEsLwtgFIIY5KcWiJGyyVTMaKg==",
      "license": "ISC"
    }
  }
}
